
Microsoft Visual Studio Solution File, Format Version 12.00
# Visual Studio 15
VisualStudioVersion = 15.0.28307.705
MinimumVisualStudioVersion = 10.0.40219.1
Project("{FAE04EC0-301F-11D3-BF4B-00C04F79EFBC}") = "WebServiceAutomation", "WebServiceAutomation\WebServiceAutomation.csproj", "{53F618A0-1CEF-4405-AD2B-CAB908E00DBA}"
EndProject
Project("{FAE04EC0-301F-11D3-BF4B-00C04F79EFBC}") = "RestSharpAutomation", "RestSharpAutomation\RestSharpAutomation.csproj", "{F20B0D3A-A01C-492A-8BAA-F159FBC69220}"
EndProject
Global
	GlobalSection(SolutionConfigurationPlatforms) = preSolution
		Debug|Any CPU = Debug|Any CPU
		Release|Any CPU = Release|Any CPU
	EndGlobalSection
	GlobalSection(ProjectConfigurationPlatforms) = postSolution
		{53F618A0-1CEF-4405-AD2B-CAB908E00DBA}.Debug|Any CPU.ActiveCfg = Debug|Any CPU
		{53F618A0-1CEF-4405-AD2B-CAB908E00DBA}.Debug|Any CPU.Build.0 = Debug|Any CPU
		{53F618A0-1CEF-4405-AD2B-CAB908E00DBA}.Release|Any CPU.ActiveCfg = Release|Any CPU
		{53F618A0-1CEF-4405-AD2B-CAB908E00DBA}.Release|Any CPU.Build.0 = Release|Any CPU
		{F20B0D3A-A01C-492A-8BAA-F159FBC69220}.Debug|Any CPU.ActiveCfg = Debug|Any CPU
		{F20B0D3A-A01C-492A-8BAA-F159FBC69220}.Debug|Any CPU.Build.0 = Debug|Any CPU
		{F20B0D3A-A01C-492A-8BAA-F159FBC69220}.Release|Any CPU.ActiveCfg = Release|Any CPU
		{F20B0D3A-A01C-492A-8BAA-F159FBC69220}.Release|Any CPU.Build.0 = Release|Any CPU
	EndGlobalSection
	GlobalSection(SolutionProperties) = preSolution
		HideSolutionNode = FALSE
	EndGlobalSection
	GlobalSection(ExtensibilityGlobals) = postSolution
		SolutionGuid = {F7636F4C-EBA8-463A-8E93-80FA68CECC8B}
	EndGlobalSection
EndGlobal
